
Microsoft Visual Studio Solution File, Format Version 12.00
# Visual Studio Version 16
VisualStudioVersion = 16.0.30330.147
MinimumVisualStudioVersion = 10.0.40219.1
Project("{FAE04EC0-301F-11D3-BF4B-00C04F79EFBC}") = "Ejercicio_explicacion_masktestbox_y_rege", "Ejercicio_explicacion_masktestbox_y_rege.csproj", "{996FDE43-EA9A-4C76-8F37-4213CCCB4E69}"
EndProject
Global
	GlobalSection(SolutionConfigurationPlatforms) = preSolution
		Debug|Any CPU = Debug|Any CPU
		Release|Any CPU = Release|Any CPU
	EndGlobalSection
	GlobalSection(ProjectConfigurationPlatforms) = postSolution
		{996FDE43-EA9A-4C76-8F37-4213CCCB4E69}.Debug|Any CPU.ActiveCfg = Debug|Any CPU
		{996FDE43-EA9A-4C76-8F37-4213CCCB4E69}.Debug|Any CPU.Build.0 = Debug|Any CPU
		{996FDE43-EA9A-4C76-8F37-4213CCCB4E69}.Release|Any CPU.ActiveCfg = Release|Any CPU
		{996FDE43-EA9A-4C76-8F37-4213CCCB4E69}.Release|Any CPU.Build.0 = Release|Any CPU
	EndGlobalSection
	GlobalSection(SolutionProperties) = preSolution
		HideSolutionNode = FALSE
	EndGlobalSection
	GlobalSection(ExtensibilityGlobals) = postSolution
		SolutionGuid = {0501E99B-B739-4EEB-90AA-9F47EADEBB20}
	EndGlobalSection
EndGlobal
